// !$*UTF8*$!
{
	archiveVersion = 1;
	classes = {
	};
	objectVersion = 56;
	objects = {

/* Begin PBXBuildFile section */
		3C43C4692B212C0500F34F13 /* SwiftUIFirstStepsApp.swift in Sources */ = {isa = PBXBuildFile; fileRef = 3C43C4682B212C0500F34F13 /* SwiftUIFirstStepsApp.swift */; };
		3C43C46B2B212C0500F34F13 /* EditPageView.swift in Sources */ = {isa = PBXBuildFile; fileRef = 3C43C46A2B212C0500F34F13 /* EditPageView.swift */; };
		3C43C46D2B212C0600F34F13 /* Assets.xcassets in Resources */ = {isa = PBXBuildFile; fileRef = 3C43C46C2B212C0600F34F13 /* Assets.xcassets */; };
		3C43C4702B212C0600F34F13 /* Preview Assets.xcassets in Resources */ = {isa = PBXBuildFile; fileRef = 3C43C46F2B212C0600F34F13 /* Preview Assets.xcassets */; };
		3C43C47A2B212C0600F34F13 /* SwiftUIFirstStepsTests.swift in Sources */ = {isa = PBXBuildFile; fileRef = 3C43C4792B212C0600F34F13 /* SwiftUIFirstStepsTests.swift */; };
		3C43C4842B212C0600F34F13 /* SwiftUIFirstStepsUITests.swift in Sources */ = {isa = PBXBuildFile; fileRef = 3C43C4832B212C0600F34F13 /* SwiftUIFirstStepsUITests.swift */; };
		3C43C4862B212C0600F34F13 /* SwiftUIFirstStepsUITestsLaunchTests.swift in Sources */ = {isa = PBXBuildFile; fileRef = 3C43C4852B212C0600F34F13 /* SwiftUIFirstStepsUITestsLaunchTests.swift */; };
		3C43C4932B21465300F34F13 /* UsersList.swift in Sources */ = {isa = PBXBuildFile; fileRef = 3C43C4922B21465300F34F13 /* UsersList.swift */; };
/* End PBXBuildFile section */

/* Begin PBXContainerItemProxy section */
		3C43C4762B212C0600F34F13 /* PBXContainerItemProxy */ = {
			isa = PBXContainerItemProxy;
			containerPortal = 3C43C45D2B212C0500F34F13 /* Project object */;
			proxyType = 1;
			remoteGlobalIDString = 3C43C4642B212C0500F34F13;
			remoteInfo = SwiftUIFirstSteps;
		};
		3C43C4802B212C0600F34F13 /* PBXContainerItemProxy */ = {
			isa = PBXContainerItemProxy;
			containerPortal = 3C43C45D2B212C0500F34F13 /* Project object */;
			proxyType = 1;
			remoteGlobalIDString = 3C43C4642B212C0500F34F13;
			remoteInfo = SwiftUIFirstSteps;
		};
/* End PBXContainerItemProxy section */

/* Begin PBXFileReference section */
		3C43C4652B212C0500F34F13 /* SwiftUIFirstSteps.app */ = {isa = PBXFileReference; explicitFileType = wrapper.application; includeInIndex = 0; path = SwiftUIFirstSteps.app; sourceTree = BUILT_PRODUCTS_DIR; };
		3C43C4682B212C0500F34F13 /* SwiftUIFirstStepsApp.swift */ = {isa = PBXFileReference; lastKnownFileType = sourcecode.swift; path = SwiftUIFirstStepsApp.swift; sourceTree = "<group>"; };
		3C43C46A2B212C0500F34F13 /* EditPageView.swift */ = {isa = PBXFileReference; lastKnownFileType = sourcecode.swift; path = EditPageView.swift; sourceTree = "<group>"; };
		3C43C46C2B212C0600F34F13 /* Assets.xcassets */ = {isa = PBXFileReference; lastKnownFileType = folder.assetcatalog; path = Assets.xcassets; sourceTree = "<group>"; };
		3C43C46F2B212C0600F34F13 /* Preview Assets.xcassets */ = {isa = PBXFileReference; lastKnownFileType = folder.assetcatalog; path = "Preview Assets.xcassets"; sourceTree = "<group>"; };
		3C43C4752B212C0600F34F13 /* SwiftUIFirstStepsTests.xctest */ = {isa = PBXFileReference; explicitFileType = wrapper.cfbundle; includeInIndex = 0; path = SwiftUIFirstStepsTests.xctest; sourceTree = BUILT_PRODUCTS_DIR; };
		3C43C4792B212C0600F34F13 /* SwiftUIFirstStepsTests.swift */ = {isa = PBXFileReference; lastKnownFileType = sourcecode.swift; path = SwiftUIFirstStepsTests.swift; sourceTree = "<group>"; };
		3C43C47F2B212C0600F34F13 /* SwiftUIFirstStepsUITests.xctest */ = {isa = PBXFileReference; explicitFileType = wrapper.cfbundle; includeInIndex = 0; path = SwiftUIFirstStepsUITests.xctest; sourceTree = BUILT_PRODUCTS_DIR; };
		3C43C4832B212C0600F34F13 /* SwiftUIFirstStepsUITests.swift */ = {isa = PBXFileReference; lastKnownFileType = sourcecode.swift; path = SwiftUIFirstStepsUITests.swift; sourceTree = "<group>"; };
		3C43C4852B212C0600F34F13 /* SwiftUIFirstStepsUITestsLaunchTests.swift */ = {isa = PBXFileReference; lastKnownFileType = sourcecode.swift; path = SwiftUIFirstStepsUITestsLaunchTests.swift; sourceTree = "<group>"; };
		3C43C4922B21465300F34F13 /* UsersList.swift */ = {isa = PBXFileReference; lastKnownFileType = sourcecode.swift; path = UsersList.swift; sourceTree = "<group>"; };
/* End PBXFileReference section */

/* Begin PBXFrameworksBuildPhase section */
		3C43C4622B212C0500F34F13 /* Frameworks */ = {
			isa = PBXFrameworksBuildPhase;
			buildActionMask = 2147483647;
			files = (
			);
			runOnlyForDeploymentPostprocessing = 0;
		};
		3C43C4722B212C0600F34F13 /* Frameworks */ = {
			isa = PBXFrameworksBuildPhase;
			buildActionMask = 2147483647;
			files = (
			);
			runOnlyForDeploymentPostprocessing = 0;
		};
		3C43C47C2B212C0600F34F13 /* Frameworks */ = {
			isa = PBXFrameworksBuildPhase;
			buildActionMask = 2147483647;
			files = (
			);
			runOnlyForDeploymentPostprocessing = 0;
		};
/* End PBXFrameworksBuildPhase section */

/* Begin PBXGroup section */
		3C43C45C2B212C0500F34F13 = {
			isa = PBXGroup;
			children = (
				3C43C4672B212C0500F34F13 /* SwiftUIFirstSteps */,
				3C43C4782B212C0600F34F13 /* SwiftUIFirstStepsTests */,
				3C43C4822B212C0600F34F13 /* SwiftUIFirstStepsUITests */,
				3C43C4662B212C0500F34F13 /* Products */,
			);
			sourceTree = "<group>";
		};
		3C43C4662B212C0500F34F13 /* Products */ = {
			isa = PBXGroup;
			children = (
				3C43C4652B212C0500F34F13 /* SwiftUIFirstSteps.app */,
				3C43C4752B212C0600F34F13 /* SwiftUIFirstStepsTests.xctest */,
				3C43C47F2B212C0600F34F13 /* SwiftUIFirstStepsUITests.xctest */,
			);
			name = Products;
			sourceTree = "<group>";
		};
		3C43C4672B212C0500F34F13 /* SwiftUIFirstSteps */ = {
			isa = PBXGroup;
			children = (
				3C43C4682B212C0500F34F13 /* SwiftUIFirstStepsApp.swift */,
				3C43C46A2B212C0500F34F13 /* EditPageView.swift */,
				3C43C4922B21465300F34F13 /* UsersList.swift */,
				3C43C46C2B212C0600F34F13 /* Assets.xcassets */,
				3C43C46E2B212C0600F34F13 /* Preview Content */,
			);
			path = SwiftUIFirstSteps;
			sourceTree = "<group>";
		};
		3C43C46E2B212C0600F34F13 /* Preview Content */ = {
			isa = PBXGroup;
			children = (
				3C43C46F2B212C0600F34F13 /* Preview Assets.xcassets */,
			);
			path = "Preview Content";
			sourceTree = "<group>";
		};
		3C43C4782B212C0600F34F13 /* SwiftUIFirstStepsTests */ = {
			isa = PBXGroup;
			children = (
				3C43C4792B212C0600F34F13 /* SwiftUIFirstStepsTests.swift */,
			);
			path = SwiftUIFirstStepsTests;
			sourceTree = "<group>";
		};
		3C43C4822B212C0600F34F13 /* SwiftUIFirstStepsUITests */ = {
			isa = PBXGroup;
			children = (
				3C43C4832B212C0600F34F13 /* SwiftUIFirstStepsUITests.swift */,
				3C43C4852B212C0600F34F13 /* SwiftUIFirstStepsUITestsLaunchTests.swift */,
			);
			path = SwiftUIFirstStepsUITests;
			sourceTree = "<group>";
		};
/* End PBXGroup section */

/* Begin PBXNativeTarget section */
		3C43C4642B212C0500F34F13 /* SwiftUIFirstSteps */ = {
			isa = PBXNativeTarget;
			buildConfigurationList = 3C43C4892B212C0600F34F13 /* Build configuration list for PBXNativeTarget "SwiftUIFirstSteps" */;
			buildPhases = (
				3C43C4612B212C0500F34F13 /* Sources */,
				3C43C4622B212C0500F34F13 /* Frameworks */,
				3C43C4632B212C0500F34F13 /* Resources */,
			);
			buildRules = (
			);
			dependencies = (
			);
			name = SwiftUIFirstSteps;
			productName = SwiftUIFirstSteps;
			productReference = 3C43C4652B212C0500F34F13 /* SwiftUIFirstSteps.app */;
			productType = "com.apple.product-type.application";
		};
		3C43C4742B212C0600F34F13 /* SwiftUIFirstStepsTests */ = {
			isa = PBXNativeTarget;
			buildConfigurationList = 3C43C48C2B212C0600F34F13 /* Build configuration list for PBXNativeTarget "SwiftUIFirstStepsTests" */;
			buildPhases = (
				3C43C4712B212C0600F34F13 /* Sources */,
				3C43C4722B212C0600F34F13 /* Frameworks */,
				3C43C4732B212C0600F34F13 /* Resources */,
			);
			buildRules = (
			);
			dependencies = (
				3C43C4772B212C0600F34F13 /* PBXTargetDependency */,
			);
			name = SwiftUIFirstStepsTests;
			productName = SwiftUIFirstStepsTests;
			productReference = 3C43C4752B212C0600F34F13 /* SwiftUIFirstStepsTests.xctest */;
			productType = "com.apple.product-type.bundle.unit-test";
		};
		3C43C47E2B212C0600F34F13 /* SwiftUIFirstStepsUITests */ = {
			isa = PBXNativeTarget;
			buildConfigurationList = 3C43C48F2B212C0600F34F13 /* Build configuration list for PBXNativeTarget "SwiftUIFirstStepsUITests" */;
			buildPhases = (
				3C43C47B2B212C0600F34F13 /* Sources */,
				3C43C47C2B212C0600F34F13 /* Frameworks */,
				3C43C47D2B212C0600F34F13 /* Resources */,
			);
			buildRules = (
			);
			dependencies = (
				3C43C4812B212C0600F34F13 /* PBXTargetDependency */,
			);
			name = SwiftUIFirstStepsUITests;
			productName = SwiftUIFirstStepsUITests;
			productReference = 3C43C47F2B212C0600F34F13 /* SwiftUIFirstStepsUITests.xctest */;
			productType = "com.apple.product-type.bundle.ui-testing";
		};
/* End PBXNativeTarget section */

/* Begin PBXProject section */
		3C43C45D2B212C0500F34F13 /* Project object */ = {
			isa = PBXProject;
			attributes = {
				BuildIndependentTargetsInParallel = 1;
				LastSwiftUpdateCheck = 1500;
				LastUpgradeCheck = 1500;
				TargetAttributes = {
					3C43C4642B212C0500F34F13 = {
						CreatedOnToolsVersion = 15.0;
					};
					3C43C4742B212C0600F34F13 = {
						CreatedOnToolsVersion = 15.0;
						TestTargetID = 3C43C4642B212C0500F34F13;
					};
					3C43C47E2B212C0600F34F13 = {
						CreatedOnToolsVersion = 15.0;
						TestTargetID = 3C43C4642B212C0500F34F13;
					};
				};
			};
			buildConfigurationList = 3C43C4602B212C0500F34F13 /* Build configuration list for PBXProject "SwiftUIFirstSteps" */;
			compatibilityVersion = "Xcode 14.0";
			developmentRegion = en;
			hasScannedForEncodings = 0;
			knownRegions = (
				en,
				Base,
			);
			mainGroup = 3C43C45C2B212C0500F34F13;
			productRefGroup = 3C43C4662B212C0500F34F13 /* Products */;
			projectDirPath = "";
			projectRoot = "";
			targets = (
				3C43C4642B212C0500F34F13 /* SwiftUIFirstSteps */,
				3C43C4742B212C0600F34F13 /* SwiftUIFirstStepsTests */,
				3C43C47E2B212C0600F34F13 /* SwiftUIFirstStepsUITests */,
			);
		};
/* End PBXProject section */

/* Begin PBXResourcesBuildPhase section */
		3C43C4632B212C0500F34F13 /* Resources */ = {
			isa = PBXResourcesBuildPhase;
			buildActionMask = 2147483647;
			files = (
				3C43C4702B212C0600F34F13 /* Preview Assets.xcassets in Resources */,
				3C43C46D2B212C0600F34F13 /* Assets.xcassets in Resources */,
			);
			runOnlyForDeploymentPostprocessing = 0;
		};
		3C43C4732B212C0600F34F13 /* Resources */ = {
			isa = PBXResourcesBuildPhase;
			buildActionMask = 2147483647;
			files = (
			);
			runOnlyForDeploymentPostprocessing = 0;
		};
		3C43C47D2B212C0600F34F13 /* Resources */ = {
			isa = PBXResourcesBuildPhase;
			buildActionMask = 2147483647;
			files = (
			);
			runOnlyForDeploymentPostprocessing = 0;
		};
/* End PBXResourcesBuildPhase section */

/* Begin PBXSourcesBuildPhase section */
		3C43C4612B212C0500F34F13 /* Sources */ = {
			isa = PBXSourcesBuildPhase;
			buildActionMask = 2147483647;
			files = (
				3C43C46B2B212C0500F34F13 /* EditPageView.swift in Sources */,
				3C43C4692B212C0500F34F13 /* SwiftUIFirstStepsApp.swift in Sources */,
				3C43C4932B21465300F34F13 /* UsersList.swift in Sources */,
			);
			runOnlyForDeploymentPostprocessing = 0;
		};
		3C43C4712B212C0600F34F13 /* Sources */ = {
			isa = PBXSourcesBuildPhase;
			buildActionMask = 2147483647;
			files = (
				3C43C47A2B212C0600F34F13 /* SwiftUIFirstStepsTests.swift in Sources */,
			);
			runOnlyForDeploymentPostprocessing = 0;
		};
		3C43C47B2B212C0600F34F13 /* Sources */ = {
			isa = PBXSourcesBuildPhase;
			buildActionMask = 2147483647;
			files = (
				3C43C4842B212C0600F34F13 /* SwiftUIFirstStepsUITests.swift in Sources */,
				3C43C4862B212C0600F34F13 /* SwiftUIFirstStepsUITestsLaunchTests.swift in Sources */,
			);
			runOnlyForDeploymentPostprocessing = 0;
		};
/* End PBXSourcesBuildPhase section */

/* Begin PBXTargetDependency section */
		3C43C4772B212C0600F34F13 /* PBXTargetDependency */ = {
			isa = PBXTargetDependency;
			target = 3C43C4642B212C0500F34F13 /* SwiftUIFirstSteps */;
			targetProxy = 3C43C4762B212C0600F34F13 /* PBXContainerItemProxy */;
		};
		3C43C4812B212C0600F34F13 /* PBXTargetDependency */ = {
			isa = PBXTargetDependency;
			target = 3C43C4642B212C0500F34F13 /* SwiftUIFirstSteps */;
			targetProxy = 3C43C4802B212C0600F34F13 /* PBXContainerItemProxy */;
		};
/* End PBXTargetDependency section */

/* Begin XCBuildConfiguration section */
		3C43C4872B212C0600F34F13 /* Debug */ = {
			isa = XCBuildConfiguration;
			buildSettings = {
				ALWAYS_SEARCH_USER_PATHS = NO;
				ASSETCATALOG_COMPILER_GENERATE_SWIFT_ASSET_SYMBOL_EXTENSIONS = YES;
				CLANG_ANALYZER_NONNULL = YES;
				CLANG_ANALYZER_NUMBER_OBJECT_CONVERSION = YES_AGGRESSIVE;
				CLANG_CXX_LANGUAGE_STANDARD = "gnu++20";
				CLANG_ENABLE_MODULES = YES;
				CLANG_ENABLE_OBJC_ARC = YES;
				CLANG_ENABLE_OBJC_WEAK = YES;
				CLANG_WARN_BLOCK_CAPTURE_AUTORELEASING = YES;
				CLANG_WARN_BOOL_CONVERSION = YES;
				CLANG_WARN_COMMA = YES;
				CLANG_WARN_CONSTANT_CONVERSION = YES;
				CLANG_WARN_DEPRECATED_OBJC_IMPLEMENTATIONS = YES;
				CLANG_WARN_DIRECT_OBJC_ISA_USAGE = YES_ERROR;
				CLANG_WARN_DOCUMENTATION_COMMENTS = YES;
				CLANG_WARN_EMPTY_BODY = YES;
				CLANG_WARN_ENUM_CONVERSION = YES;
				CLANG_WARN_INFINITE_RECURSION = YES;
				CLANG_WARN_INT_CONVERSION = YES;
				CLANG_WARN_NON_LITERAL_NULL_CONVERSION = YES;
				CLANG_WARN_OBJC_IMPLICIT_RETAIN_SELF = YES;
				CLANG_WARN_OBJC_LITERAL_CONVERSION = YES;
				CLANG_WARN_OBJC_ROOT_CLASS = YES_ERROR;
				CLANG_WARN_QUOTED_INCLUDE_IN_FRAMEWORK_HEADER = YES;
				CLANG_WARN_RANGE_LOOP_ANALYSIS = YES;
				CLANG_WARN_STRICT_PROTOTYPES = YES;
				CLANG_WARN_SUSPICIOUS_MOVE = YES;
				CLANG_WARN_UNGUARDED_AVAILABILITY = YES_AGGRESSIVE;
				CLANG_WARN_UNREACHABLE_CODE = YES;
				CLANG_WARN__DUPLICATE_METHOD_MATCH = YES;
				COPY_PHASE_STRIP = NO;
				DEBUG_INFORMATION_FORMAT = dwarf;
				ENABLE_STRICT_OBJC_MSGSEND = YES;
				ENABLE_TESTABILITY = YES;
				ENABLE_USER_SCRIPT_SANDBOXING = YES;
				GCC_C_LANGUAGE_STANDARD = gnu17;
				GCC_DYNAMIC_NO_PIC = NO;
				GCC_NO_COMMON_BLOCKS = YES;
				GCC_OPTIMIZATION_LEVEL = 0;
				GCC_PREPROCESSOR_DEFINITIONS = (
					"DEBUG=1",
					"$(inherited)",
				);
				GCC_WARN_64_TO_32_BIT_CONVERSION = YES;
				GCC_WARN_ABOUT_RETURN_TYPE = YES_ERROR;
				GCC_WARN_UNDECLARED_SELECTOR = YES;
				GCC_WARN_UNINITIALIZED_AUTOS = YES_AGGRESSIVE;
				GCC_WARN_UNUSED_FUNCTION = YES;
				GCC_WARN_UNUSED_VARIABLE = YES;
				IPHONEOS_DEPLOYMENT_TARGET = 17.0;
				LOCALIZATION_PREFERS_STRING_CATALOGS = YES;
				MTL_ENABLE_DEBUG_INFO = INCLUDE_SOURCE;
				MTL_FAST_MATH = YES;
				ONLY_ACTIVE_ARCH = YES;
				SDKROOT = iphoneos;
				SWIFT_ACTIVE_COMPILATION_CONDITIONS = "DEBUG $(inherited)";
				SWIFT_OPTIMIZATION_LEVEL = "-Onone";
			};
			name = Debug;
		};
		3C43C4882B212C0600F34F13 /* Release */ = {
			isa = XCBuildConfiguration;
			buildSettings = {
				ALWAYS_SEARCH_USER_PATHS = NO;
				ASSETCATALOG_COMPILER_GENERATE_SWIFT_ASSET_SYMBOL_EXTENSIONS = YES;
				CLANG_ANALYZER_NONNULL = YES;
				CLANG_ANALYZER_NUMBER_OBJECT_CONVERSION = YES_AGGRESSIVE;
				CLANG_CXX_LANGUAGE_STANDARD = "gnu++20";
				CLANG_ENABLE_MODULES = YES;
				CLANG_ENABLE_OBJC_ARC = YES;
				CLANG_ENABLE_OBJC_WEAK = YES;
				CLANG_WARN_BLOCK_CAPTURE_AUTORELEASING = YES;
				CLANG_WARN_BOOL_CONVERSION = YES;
				CLANG_WARN_COMMA = YES;
				CLANG_WARN_CONSTANT_CONVERSION = YES;
				CLANG_WARN_DEPRECATED_OBJC_IMPLEMENTATIONS = YES;
				CLANG_WARN_DIRECT_OBJC_ISA_USAGE = YES_ERROR;
				CLANG_WARN_DOCUMENTATION_COMMENTS = YES;
				CLANG_WARN_EMPTY_BODY = YES;
				CLANG_WARN_ENUM_CONVERSION = YES;
				CLANG_WARN_INFINITE_RECURSION = YES;
				CLANG_WARN_INT_CONVERSION = YES;
				CLANG_WARN_NON_LITERAL_NULL_CONVERSION = YES;
				CLANG_WARN_OBJC_IMPLICIT_RETAIN_SELF = YES;
				CLANG_WARN_OBJC_LITERAL_CONVERSION = YES;
				CLANG_WARN_OBJC_ROOT_CLASS = YES_ERROR;
				CLANG_WARN_QUOTED_INCLUDE_IN_FRAMEWORK_HEADER = YES;
				CLANG_WARN_RANGE_LOOP_ANALYSIS = YES;
				CLANG_WARN_STRICT_PROTOTYPES = YES;
				CLANG_WARN_SUSPICIOUS_MOVE = YES;
				CLANG_WARN_UNGUARDED_AVAILABILITY = YES_AGGRESSIVE;
				CLANG_WARN_UNREACHABLE_CODE = YES;
				CLANG_WARN__DUPLICATE_METHOD_MATCH = YES;
				COPY_PHASE_STRIP = NO;
				DEBUG_INFORMATION_FORMAT = "dwarf-with-dsym";
				ENABLE_NS_ASSERTIONS = NO;
				ENABLE_STRICT_OBJC_MSGSEND = YES;
				ENABLE_USER_SCRIPT_SANDBOXING = YES;
				GCC_C_LANGUAGE_STANDARD = gnu17;
				GCC_NO_COMMON_BLOCKS = YES;
				GCC_WARN_64_TO_32_BIT_CONVERSION = YES;
				GCC_WARN_ABOUT_RETURN_TYPE = YES_ERROR;
				GCC_WARN_UNDECLARED_SELECTOR = YES;
				GCC_WARN_UNINITIALIZED_AUTOS = YES_AGGRESSIVE;
				GCC_WARN_UNUSED_FUNCTION = YES;
				GCC_WARN_UNUSED_VARIABLE = YES;
				IPHONEOS_DEPLOYMENT_TARGET = 17.0;
				LOCALIZATION_PREFERS_STRING_CATALOGS = YES;
				MTL_ENABLE_DEBUG_INFO = NO;
				MTL_FAST_MATH = YES;
				SDKROOT = iphoneos;
				SWIFT_COMPILATION_MODE = wholemodule;
				VALIDATE_PRODUCT = YES;
			};
			name = Release;
		};
		3C43C48A2B212C0600F34F13 /* Debug */ = {
			isa = XCBuildConfiguration;
			buildSettings = {
				ASSETCATALOG_COMPILER_APPICON_NAME = AppIcon;
				ASSETCATALOG_COMPILER_GLOBAL_ACCENT_COLOR_NAME = AccentColor;
				CODE_SIGN_STYLE = Automatic;
				CURRENT_PROJECT_VERSION = 1;
				DEVELOPMENT_ASSET_PATHS = "\"SwiftUIFirstSteps/Preview Content\"";
				DEVELOPMENT_TEAM = UY94N2F65W;
				ENABLE_PREVIEWS = YES;
				GENERATE_INFOPLIST_FILE = YES;
				INFOPLIST_KEY_UIApplicationSceneManifest_Generation = YES;
				INFOPLIST_KEY_UIApplicationSupportsIndirectInputEvents = YES;
				INFOPLIST_KEY_UILaunchScreen_Generation = YES;
				INFOPLIST_KEY_UISupportedInterfaceOrientations_iPad = "UIInterfaceOrientationPortrait UIInterfaceOrientationPortraitUpsideDown UIInterfaceOrientationLandscapeLeft UIInterfaceOrientationLandscapeRight";
				INFOPLIST_KEY_UISupportedInterfaceOrientations_iPhone = "UIInterfaceOrientationPortrait UIInterfaceOrientationLandscapeLeft UIInterfaceOrientationLandscapeRight";
				LD_RUNPATH_SEARCH_PATHS = (
					"$(inherited)",
					"@executable_path/Frameworks",
				);
				MARKETING_VERSION = 1.0;
				PRODUCT_BUNDLE_IDENTIFIER = com.lapiashvili.swiftUI.SwiftUIFirstSteps;
				PRODUCT_NAME = "$(TARGET_NAME)";
				SWIFT_EMIT_LOC_STRINGS = YES;
				SWIFT_VERSION = 5.0;
				TARGETED_DEVICE_FAMILY = "1,2";
			};
			name = Debug;
		};
		3C43C48B2B212C0600F34F13 /* Release */ = {
			isa = XCBuildConfiguration;
			buildSettings = {
				ASSETCATALOG_COMPILER_APPICON_NAME = AppIcon;
				ASSETCATALOG_COMPILER_GLOBAL_ACCENT_COLOR_NAME = AccentColor;
				CODE_SIGN_STYLE = Automatic;
				CURRENT_PROJECT_VERSION = 1;
				DEVELOPMENT_ASSET_PATHS = "\"SwiftUIFirstSteps/Preview Content\"";
				DEVELOPMENT_TEAM = UY94N2F65W;
				ENABLE_PREVIEWS = YES;
				GENERATE_INFOPLIST_FILE = YES;
				INFOPLIST_KEY_UIApplicationSceneManifest_Generation = YES;
				INFOPLIST_KEY_UIApplicationSupportsIndirectInputEvents = YES;
				INFOPLIST_KEY_UILaunchScreen_Generation = YES;
				INFOPLIST_KEY_UISupportedInterfaceOrientations_iPad = "UIInterfaceOrientationPortrait UIInterfaceOrientationPortraitUpsideDown UIInterfaceOrientationLandscapeLeft UIInterfaceOrientationLandscapeRight";
				INFOPLIST_KEY_UISupportedInterfaceOrientations_iPhone = "UIInterfaceOrientationPortrait UIInterfaceOrientationLandscapeLeft UIInterfaceOrientationLandscapeRight";
				LD_RUNPATH_SEARCH_PATHS = (
					"$(inherited)",
					"@executable_path/Frameworks",
				);
				MARKETING_VERSION = 1.0;
				PRODUCT_BUNDLE_IDENTIFIER = com.lapiashvili.swiftUI.SwiftUIFirstSteps;
				PRODUCT_NAME = "$(TARGET_NAME)";
				SWIFT_EMIT_LOC_STRINGS = YES;
				SWIFT_VERSION = 5.0;
				TARGETED_DEVICE_FAMILY = "1,2";
			};
			name = Release;
		};
		3C43C48D2B212C0600F34F13 /* Debug */ = {
			isa = XCBuildConfiguration;
			buildSettings = {
				ALWAYS_EMBED_SWIFT_STANDARD_LIBRARIES = YES;
				BUNDLE_LOADER = "$(TEST_HOST)";
				CODE_SIGN_STYLE = Automatic;
				CURRENT_PROJECT_VERSION = 1;
				DEVELOPMENT_TEAM = UY94N2F65W;
				GENERATE_INFOPLIST_FILE = YES;
				IPHONEOS_DEPLOYMENT_TARGET = 17.0;
				MARKETING_VERSION = 1.0;
				PRODUCT_BUNDLE_IDENTIFIER = com.lapiashvili.swiftUI.SwiftUIFirstStepsTests;
				PRODUCT_NAME = "$(TARGET_NAME)";
				SWIFT_EMIT_LOC_STRINGS = NO;
				SWIFT_VERSION = 5.0;
				TARGETED_DEVICE_FAMILY = "1,2";
				TEST_HOST = "$(BUILT_PRODUCTS_DIR)/SwiftUIFirstSteps.app/$(BUNDLE_EXECUTABLE_FOLDER_PATH)/SwiftUIFirstSteps";
			};
			name = Debug;
		};
		3C43C48E2B212C0600F34F13 /* Release */ = {
			isa = XCBuildConfiguration;
			buildSettings = {
				ALWAYS_EMBED_SWIFT_STANDARD_LIBRARIES = YES;
				BUNDLE_LOADER = "$(TEST_HOST)";
				CODE_SIGN_STYLE = Automatic;
				CURRENT_PROJECT_VERSION = 1;
				DEVELOPMENT_TEAM = UY94N2F65W;
				GENERATE_INFOPLIST_FILE = YES;
				IPHONEOS_DEPLOYMENT_TARGET = 17.0;
				MARKETING_VERSION = 1.0;
				PRODUCT_BUNDLE_IDENTIFIER = com.lapiashvili.swiftUI.SwiftUIFirstStepsTests;
				PRODUCT_NAME = "$(TARGET_NAME)";
				SWIFT_EMIT_LOC_STRINGS = NO;
				SWIFT_VERSION = 5.0;
				TARGETED_DEVICE_FAMILY = "1,2";
				TEST_HOST = "$(BUILT_PRODUCTS_DIR)/SwiftUIFirstSteps.app/$(BUNDLE_EXECUTABLE_FOLDER_PATH)/SwiftUIFirstSteps";
			};
			name = Release;
		};
		3C43C4902B212C0600F34F13 /* Debug */ = {
			isa = XCBuildConfiguration;
			buildSettings = {
				ALWAYS_EMBED_SWIFT_STANDARD_LIBRARIES = YES;
				CODE_SIGN_STYLE = Automatic;
				CURRENT_PROJECT_VERSION = 1;
				DEVELOPMENT_TEAM = UY94N2F65W;
				GENERATE_INFOPLIST_FILE = YES;
				MARKETING_VERSION = 1.0;
				PRODUCT_BUNDLE_IDENTIFIER = com.lapiashvili.swiftUI.SwiftUIFirstStepsUITests;
				PRODUCT_NAME = "$(TARGET_NAME)";
				SWIFT_EMIT_LOC_STRINGS = NO;
				SWIFT_VERSION = 5.0;
				TARGETED_DEVICE_FAMILY = "1,2";
				TEST_TARGET_NAME = SwiftUIFirstSteps;
			};
			name = Debug;
		};
		3C43C4912B212C0600F34F13 /* Release */ = {
			isa = XCBuildConfiguration;
			buildSettings = {
				ALWAYS_EMBED_SWIFT_STANDARD_LIBRARIES = YES;
				CODE_SIGN_STYLE = Automatic;
				CURRENT_PROJECT_VERSION = 1;
				DEVELOPMENT_TEAM = UY94N2F65W;
				GENERATE_INFOPLIST_FILE = YES;
				MARKETING_VERSION = 1.0;
				PRODUCT_BUNDLE_IDENTIFIER = com.lapiashvili.swiftUI.SwiftUIFirstStepsUITests;
				PRODUCT_NAME = "$(TARGET_NAME)";
				SWIFT_EMIT_LOC_STRINGS = NO;
				SWIFT_VERSION = 5.0;
				TARGETED_DEVICE_FAMILY = "1,2";
				TEST_TARGET_NAME = SwiftUIFirstSteps;
			};
			name = Release;
		};
/* End XCBuildConfiguration section */

/* Begin XCConfigurationList section */
		3C43C4602B212C0500F34F13 /* Build configuration list for PBXProject "SwiftUIFirstSteps" */ = {
			isa = XCConfigurationList;
			buildConfigurations = (
				3C43C4872B212C0600F34F13 /* Debug */,
				3C43C4882B212C0600F34F13 /* Release */,
			);
			defaultConfigurationIsVisible = 0;
			defaultConfigurationName = Release;
		};
		3C43C4892B212C0600F34F13 /* Build configuration list for PBXNativeTarget "SwiftUIFirstSteps" */ = {
			isa = XCConfigurationList;
			buildConfigurations = (
				3C43C48A2B212C0600F34F13 /* Debug */,
				3C43C48B2B212C0600F34F13 /* Release */,
			);
			defaultConfigurationIsVisible = 0;
			defaultConfigurationName = Release;
		};
		3C43C48C2B212C0600F34F13 /* Build configuration list for PBXNativeTarget "SwiftUIFirstStepsTests" */ = {
			isa = XCConfigurationList;
			buildConfigurations = (
				3C43C48D2B212C0600F34F13 /* Debug */,
				3C43C48E2B212C0600F34F13 /* Release */,
			);
			defaultConfigurationIsVisible = 0;
			defaultConfigurationName = Release;
		};
		3C43C48F2B212C0600F34F13 /* Build configuration list for PBXNativeTarget "SwiftUIFirstStepsUITests" */ = {
			isa = XCConfigurationList;
			buildConfigurations = (
				3C43C4902B212C0600F34F13 /* Debug */,
				3C43C4912B212C0600F34F13 /* Release */,
			);
			defaultConfigurationIsVisible = 0;
			defaultConfigurationName = Release;
		};
/* End XCConfigurationList section */
	};
	rootObject = 3C43C45D2B212C0500F34F13 /* Project object */;
}
